
Microsoft Visual Studio Solution File, Format Version 12.00
# Visual Studio Version 17
VisualStudioVersion = 17.14.36616.10 d17.14
MinimumVisualStudioVersion = 10.0.40219.1
Project("{FAE04EC0-301F-11D3-BF4B-00C04F79EFBC}") = "Lab_5.1", "Lab_5.1.csproj", "{B43E6F68-980E-45C5-85AA-20E0FF324B4A}"
EndProject
Global
	GlobalSection(SolutionConfigurationPlatforms) = preSolution
		Debug|Any CPU = Debug|Any CPU
		Release|Any CPU = Release|Any CPU
	EndGlobalSection
	GlobalSection(ProjectConfigurationPlatforms) = postSolution
		{B43E6F68-980E-45C5-85AA-20E0FF324B4A}.Debug|Any CPU.ActiveCfg = Debug|Any CPU
		{B43E6F68-980E-45C5-85AA-20E0FF324B4A}.Debug|Any CPU.Build.0 = Debug|Any CPU
		{B43E6F68-980E-45C5-85AA-20E0FF324B4A}.Release|Any CPU.ActiveCfg = Release|Any CPU
		{B43E6F68-980E-45C5-85AA-20E0FF324B4A}.Release|Any CPU.Build.0 = Release|Any CPU
	EndGlobalSection
	GlobalSection(SolutionProperties) = preSolution
		HideSolutionNode = FALSE
	EndGlobalSection
	GlobalSection(ExtensibilityGlobals) = postSolution
		SolutionGuid = {BB158166-BFB6-4CF3-9E43-F8D1D52FE4B5}
	EndGlobalSection
EndGlobal
