
Microsoft Visual Studio Solution File, Format Version 12.00
# Visual Studio Version 17
VisualStudioVersion = 17.14.36518.9 d17.14
MinimumVisualStudioVersion = 10.0.40219.1
Project("{FAE04EC0-301F-11D3-BF4B-00C04F79EFBC}") = "Dod_1", "Dod_1.csproj", "{18E1A4CA-411C-4629-AD0D-1B926B352C3B}"
EndProject
Global
	GlobalSection(SolutionConfigurationPlatforms) = preSolution
		Debug|Any CPU = Debug|Any CPU
		Release|Any CPU = Release|Any CPU
	EndGlobalSection
	GlobalSection(ProjectConfigurationPlatforms) = postSolution
		{18E1A4CA-411C-4629-AD0D-1B926B352C3B}.Debug|Any CPU.ActiveCfg = Debug|Any CPU
		{18E1A4CA-411C-4629-AD0D-1B926B352C3B}.Debug|Any CPU.Build.0 = Debug|Any CPU
		{18E1A4CA-411C-4629-AD0D-1B926B352C3B}.Release|Any CPU.ActiveCfg = Release|Any CPU
		{18E1A4CA-411C-4629-AD0D-1B926B352C3B}.Release|Any CPU.Build.0 = Release|Any CPU
	EndGlobalSection
	GlobalSection(SolutionProperties) = preSolution
		HideSolutionNode = FALSE
	EndGlobalSection
	GlobalSection(ExtensibilityGlobals) = postSolution
		SolutionGuid = {CF48A2C2-F773-4339-95AF-299D2EB91B60}
	EndGlobalSection
EndGlobal
