
Microsoft Visual Studio Solution File, Format Version 12.00
# Visual Studio Version 17
VisualStudioVersion = 17.14.36518.9 d17.14
MinimumVisualStudioVersion = 10.0.40219.1
Project("{FAE04EC0-301F-11D3-BF4B-00C04F79EFBC}") = "Lab_4", "Lab_4.csproj", "{540EB04C-F414-4A88-BAA4-EF756568A453}"
EndProject
Global
	GlobalSection(SolutionConfigurationPlatforms) = preSolution
		Debug|Any CPU = Debug|Any CPU
		Release|Any CPU = Release|Any CPU
	EndGlobalSection
	GlobalSection(ProjectConfigurationPlatforms) = postSolution
		{540EB04C-F414-4A88-BAA4-EF756568A453}.Debug|Any CPU.ActiveCfg = Debug|Any CPU
		{540EB04C-F414-4A88-BAA4-EF756568A453}.Debug|Any CPU.Build.0 = Debug|Any CPU
		{540EB04C-F414-4A88-BAA4-EF756568A453}.Release|Any CPU.ActiveCfg = Release|Any CPU
		{540EB04C-F414-4A88-BAA4-EF756568A453}.Release|Any CPU.Build.0 = Release|Any CPU
	EndGlobalSection
	GlobalSection(SolutionProperties) = preSolution
		HideSolutionNode = FALSE
	EndGlobalSection
	GlobalSection(ExtensibilityGlobals) = postSolution
		SolutionGuid = {C293F8EF-6726-44F1-BADF-5E8707945768}
	EndGlobalSection
EndGlobal
